
Microsoft Visual Studio Solution File, Format Version 12.00
# Visual Studio Version 16
VisualStudioVersion = 16.0.31424.327
MinimumVisualStudioVersion = 10.0.40219.1
Project("{FAE04EC0-301F-11D3-BF4B-00C04F79EFBC}") = "OnlineChatServer", "OnlineChatServer\OnlineChatServer.csproj", "{1F713AF8-5FB7-4940-97A2-1CFB94AF692D}"
EndProject
Global
	GlobalSection(SolutionConfigurationPlatforms) = preSolution
		Debug|Any CPU = Debug|Any CPU
		Release|Any CPU = Release|Any CPU
	EndGlobalSection
	GlobalSection(ProjectConfigurationPlatforms) = postSolution
		{1F713AF8-5FB7-4940-97A2-1CFB94AF692D}.Debug|Any CPU.ActiveCfg = Debug|Any CPU
		{1F713AF8-5FB7-4940-97A2-1CFB94AF692D}.Debug|Any CPU.Build.0 = Debug|Any CPU
		{1F713AF8-5FB7-4940-97A2-1CFB94AF692D}.Release|Any CPU.ActiveCfg = Release|Any CPU
		{1F713AF8-5FB7-4940-97A2-1CFB94AF692D}.Release|Any CPU.Build.0 = Release|Any CPU
	EndGlobalSection
	GlobalSection(SolutionProperties) = preSolution
		HideSolutionNode = FALSE
	EndGlobalSection
	GlobalSection(ExtensibilityGlobals) = postSolution
		SolutionGuid = {7E4701B3-D6CC-478D-926F-307039EE85FA}
	EndGlobalSection
EndGlobal
